
Microsoft Visual Studio Solution File, Format Version 12.00
# Visual Studio Version 16
VisualStudioVersion = 16.0.28922.388
MinimumVisualStudioVersion = 10.0.40219.1
Project("{9A19103F-16F7-4668-BE54-9A1E7A4F7556}") = "01.UniqueUsernames", "01.UniqueUsernames\01.UniqueUsernames.csproj", "{A3F0F991-BA64-4C02-AF87-31D0A5CBBBA0}"
EndProject
Project("{9A19103F-16F7-4668-BE54-9A1E7A4F7556}") = "02.SetsOfElements", "02.SetsOfElements\02.SetsOfElements.csproj", "{D09AF794-E165-4C3F-9902-4E9DA9CDE2BB}"
EndProject
Project("{9A19103F-16F7-4668-BE54-9A1E7A4F7556}") = "03.PeriodicTable", "03.PeriodicTable\03.PeriodicTable.csproj", "{224DB8E1-3BC3-44CD-9221-82929FCCB712}"
EndProject
Project("{9A19103F-16F7-4668-BE54-9A1E7A4F7556}") = "04.EvenTimes", "04.EvenTimes\04.EvenTimes.csproj", "{FC9E7877-7906-4CA6-B476-A86BBC33AD47}"
EndProject
Project("{FAE04EC0-301F-11D3-BF4B-00C04F79EFBC}") = "05.CountSymbols", "05.CountSymbols\05.CountSymbols.csproj", "{7DB3A27E-7A7B-4EDB-8B22-8898613115E2}"
EndProject
Global
	GlobalSection(SolutionConfigurationPlatforms) = preSolution
		Debug|Any CPU = Debug|Any CPU
		Release|Any CPU = Release|Any CPU
	EndGlobalSection
	GlobalSection(ProjectConfigurationPlatforms) = postSolution
		{A3F0F991-BA64-4C02-AF87-31D0A5CBBBA0}.Debug|Any CPU.ActiveCfg = Debug|Any CPU
		{A3F0F991-BA64-4C02-AF87-31D0A5CBBBA0}.Debug|Any CPU.Build.0 = Debug|Any CPU
		{A3F0F991-BA64-4C02-AF87-31D0A5CBBBA0}.Release|Any CPU.ActiveCfg = Release|Any CPU
		{A3F0F991-BA64-4C02-AF87-31D0A5CBBBA0}.Release|Any CPU.Build.0 = Release|Any CPU
		{D09AF794-E165-4C3F-9902-4E9DA9CDE2BB}.Debug|Any CPU.ActiveCfg = Debug|Any CPU
		{D09AF794-E165-4C3F-9902-4E9DA9CDE2BB}.Debug|Any CPU.Build.0 = Debug|Any CPU
		{D09AF794-E165-4C3F-9902-4E9DA9CDE2BB}.Release|Any CPU.ActiveCfg = Release|Any CPU
		{D09AF794-E165-4C3F-9902-4E9DA9CDE2BB}.Release|Any CPU.Build.0 = Release|Any CPU
		{224DB8E1-3BC3-44CD-9221-82929FCCB712}.Debug|Any CPU.ActiveCfg = Debug|Any CPU
		{224DB8E1-3BC3-44CD-9221-82929FCCB712}.Debug|Any CPU.Build.0 = Debug|Any CPU
		{224DB8E1-3BC3-44CD-9221-82929FCCB712}.Release|Any CPU.ActiveCfg = Release|Any CPU
		{224DB8E1-3BC3-44CD-9221-82929FCCB712}.Release|Any CPU.Build.0 = Release|Any CPU
		{FC9E7877-7906-4CA6-B476-A86BBC33AD47}.Debug|Any CPU.ActiveCfg = Debug|Any CPU
		{FC9E7877-7906-4CA6-B476-A86BBC33AD47}.Debug|Any CPU.Build.0 = Debug|Any CPU
		{FC9E7877-7906-4CA6-B476-A86BBC33AD47}.Release|Any CPU.ActiveCfg = Release|Any CPU
		{FC9E7877-7906-4CA6-B476-A86BBC33AD47}.Release|Any CPU.Build.0 = Release|Any CPU
		{7DB3A27E-7A7B-4EDB-8B22-8898613115E2}.Debug|Any CPU.ActiveCfg = Debug|Any CPU
		{7DB3A27E-7A7B-4EDB-8B22-8898613115E2}.Debug|Any CPU.Build.0 = Debug|Any CPU
		{7DB3A27E-7A7B-4EDB-8B22-8898613115E2}.Release|Any CPU.ActiveCfg = Release|Any CPU
		{7DB3A27E-7A7B-4EDB-8B22-8898613115E2}.Release|Any CPU.Build.0 = Release|Any CPU
	EndGlobalSection
	GlobalSection(SolutionProperties) = preSolution
		HideSolutionNode = FALSE
	EndGlobalSection
	GlobalSection(ExtensibilityGlobals) = postSolution
		SolutionGuid = {E3D6E379-91CF-43A0-A4F0-7DD787D148B7}
	EndGlobalSection
EndGlobal
